
Microsoft Visual Studio Solution File, Format Version 12.00
# Visual Studio Version 17
VisualStudioVersion = 17.5.33414.496
MinimumVisualStudioVersion = 10.0.40219.1
Project("{9A19103F-16F7-4668-BE54-9A1E7A4F7556}") = "Sales.Shared", "Sales.Shared\Sales.Shared.csproj", "{F866C6A8-A2AD-4D65-964B-030F0D02C1E1}"
EndProject
Project("{9A19103F-16F7-4668-BE54-9A1E7A4F7556}") = "Sales.API", "Sales.API\Sales.API.csproj", "{DCB9DDAB-766C-4EF4-8C77-E57F6DF17BA8}"
EndProject
Project("{9A19103F-16F7-4668-BE54-9A1E7A4F7556}") = "Sales.WEB", "Sales.WEB\Sales.WEB.csproj", "{F6238EF2-A2DA-4D78-9BB5-9614DDE8108C}"
EndProject
Project("{9A19103F-16F7-4668-BE54-9A1E7A4F7556}") = "Sales.Mobile", "Sales.Mobile\Sales.Mobile.csproj", "{ACAFF1C8-2DC2-4879-815E-ACF6403DF31C}"
EndProject
Global
	GlobalSection(SolutionConfigurationPlatforms) = preSolution
		Debug|Any CPU = Debug|Any CPU
		Release|Any CPU = Release|Any CPU
	EndGlobalSection
	GlobalSection(ProjectConfigurationPlatforms) = postSolution
		{F866C6A8-A2AD-4D65-964B-030F0D02C1E1}.Debug|Any CPU.ActiveCfg = Debug|Any CPU
		{F866C6A8-A2AD-4D65-964B-030F0D02C1E1}.Debug|Any CPU.Build.0 = Debug|Any CPU
		{F866C6A8-A2AD-4D65-964B-030F0D02C1E1}.Release|Any CPU.ActiveCfg = Release|Any CPU
		{F866C6A8-A2AD-4D65-964B-030F0D02C1E1}.Release|Any CPU.Build.0 = Release|Any CPU
		{DCB9DDAB-766C-4EF4-8C77-E57F6DF17BA8}.Debug|Any CPU.ActiveCfg = Debug|Any CPU
		{DCB9DDAB-766C-4EF4-8C77-E57F6DF17BA8}.Debug|Any CPU.Build.0 = Debug|Any CPU
		{DCB9DDAB-766C-4EF4-8C77-E57F6DF17BA8}.Release|Any CPU.ActiveCfg = Release|Any CPU
		{DCB9DDAB-766C-4EF4-8C77-E57F6DF17BA8}.Release|Any CPU.Build.0 = Release|Any CPU
		{F6238EF2-A2DA-4D78-9BB5-9614DDE8108C}.Debug|Any CPU.ActiveCfg = Debug|Any CPU
		{F6238EF2-A2DA-4D78-9BB5-9614DDE8108C}.Debug|Any CPU.Build.0 = Debug|Any CPU
		{F6238EF2-A2DA-4D78-9BB5-9614DDE8108C}.Release|Any CPU.ActiveCfg = Release|Any CPU
		{F6238EF2-A2DA-4D78-9BB5-9614DDE8108C}.Release|Any CPU.Build.0 = Release|Any CPU
		{ACAFF1C8-2DC2-4879-815E-ACF6403DF31C}.Debug|Any CPU.ActiveCfg = Debug|Any CPU
		{ACAFF1C8-2DC2-4879-815E-ACF6403DF31C}.Debug|Any CPU.Build.0 = Debug|Any CPU
		{ACAFF1C8-2DC2-4879-815E-ACF6403DF31C}.Debug|Any CPU.Deploy.0 = Debug|Any CPU
		{ACAFF1C8-2DC2-4879-815E-ACF6403DF31C}.Release|Any CPU.ActiveCfg = Release|Any CPU
		{ACAFF1C8-2DC2-4879-815E-ACF6403DF31C}.Release|Any CPU.Build.0 = Release|Any CPU
		{ACAFF1C8-2DC2-4879-815E-ACF6403DF31C}.Release|Any CPU.Deploy.0 = Release|Any CPU
	EndGlobalSection
	GlobalSection(SolutionProperties) = preSolution
		HideSolutionNode = FALSE
	EndGlobalSection
	GlobalSection(ExtensibilityGlobals) = postSolution
		SolutionGuid = {1970B8C5-3229-46A9-B572-AF4E8475A2E4}
	EndGlobalSection
EndGlobal
